
Microsoft Visual Studio Solution File, Format Version 12.00
# Visual Studio 2012
VisualStudioVersion = 12.0.30324.0
MinimumVisualStudioVersion = 10.0.40219.1
Project("{2150E333-8FDC-42A3-9474-1A3956D46DE8}") = "Platforms", "Platforms", "{9AFF3E13-6E8B-4067-8B77-52503AFFB72F}"
EndProject
Project("{2150E333-8FDC-42A3-9474-1A3956D46DE8}") = "MonoGame", "MonoGame", "{FA5AB381-3DE9-4429-B1C3-D34E61ECF629}"
EndProject
Project("{FAE04EC0-301F-11D3-BF4B-00C04F79EFBC}") = "Jv.Games.MonoGame", "Platforms\Jv.Games.MonoGame\Jv.Games.MonoGame.csproj", "{1844AE6C-DC19-4446-B5CD-2B6FE3C14AA6}"
EndProject
Project("{2150E333-8FDC-42A3-9474-1A3956D46DE8}") = "Split", "Split", "{F5F4DC8F-3DD0-424C-AD2F-A8607F49BF36}"
EndProject
Project("{FAE04EC0-301F-11D3-BF4B-00C04F79EFBC}") = "Jv.Games.MonoGame.Activities", "Platforms\Jv.Games.MonoGame.Split\Jv.Games.MonoGame.Activities\Jv.Games.MonoGame.Activities.csproj", "{B14A1DB7-5608-4046-AC3B-A9ACBE601C27}"
EndProject
Project("{FAE04EC0-301F-11D3-BF4B-00C04F79EFBC}") = "Jv.Games.MonoGame.Async", "Platforms\Jv.Games.MonoGame.Split\Jv.Games.MonoGame.Async\Jv.Games.MonoGame.Async.csproj", "{4E6D3F8F-D330-4072-B075-E00C6B6481AA}"
EndProject
Project("{FAE04EC0-301F-11D3-BF4B-00C04F79EFBC}") = "Jv.Games.MonoGame.Base", "Platforms\Jv.Games.MonoGame.Split\Jv.Games.MonoGame.Base\Jv.Games.MonoGame.Base.csproj", "{8DB26D63-BBB7-4A46-87FD-65B7DF7A612C}"
EndProject
Project("{FAE04EC0-301F-11D3-BF4B-00C04F79EFBC}") = "Jv.Games.MonoGame.Context", "Platforms\Jv.Games.MonoGame.Split\Jv.Games.MonoGame.Context\Jv.Games.MonoGame.Context.csproj", "{0EE70EC3-1EEA-45C9-9EA3-97EBE07A0B45}"
EndProject
Project("{FAE04EC0-301F-11D3-BF4B-00C04F79EFBC}") = "Jv.Games.MonoGame.Sprites", "Platforms\Jv.Games.MonoGame.Split\Jv.Games.MonoGame.Sprites\Jv.Games.MonoGame.Sprites.csproj", "{49399725-1D74-4A4E-A3D9-2C5C178246A3}"
EndProject
Project("{FAE04EC0-301F-11D3-BF4B-00C04F79EFBC}") = "Jv.Games.MonoGame.XForms", "Platforms\Jv.Games.MonoGame.XForms\Jv.Games.MonoGame.XForms.csproj", "{F4FDC2DA-A72F-4E6A-8117-7B5D76440DA0}"
EndProject
Project("{2150E333-8FDC-42A3-9474-1A3956D46DE8}") = "Portable", "Portable", "{E51F4226-C6FB-44A4-9F03-E0644A736A9B}"
EndProject
Project("{FAE04EC0-301F-11D3-BF4B-00C04F79EFBC}") = "Jv.Games.Portable", "Platforms\Jv.Games.Portable\Jv.Games.Portable.csproj", "{D25D6E60-905C-44CD-815C-23A50A5A1190}"
EndProject
Project("{2150E333-8FDC-42A3-9474-1A3956D46DE8}") = "Split", "Split", "{4A793BBB-B4B7-410F-8311-E1C13AED0134}"
EndProject
Project("{FAE04EC0-301F-11D3-BF4B-00C04F79EFBC}") = "Jv.Games.Portable.Activities", "Platforms\Jv.Games.Portable.Split\Jv.Games.Portable.Activities\Jv.Games.Portable.Activities.csproj", "{2819E425-9455-4D47-B24F-F26886599EFE}"
EndProject
Project("{FAE04EC0-301F-11D3-BF4B-00C04F79EFBC}") = "Jv.Games.Portable.Async", "Platforms\Jv.Games.Portable.Split\Jv.Games.Portable.Async\Jv.Games.Portable.Async.csproj", "{1DB9CEED-D872-4938-9E91-D087E8DCB1A8}"
EndProject
Project("{FAE04EC0-301F-11D3-BF4B-00C04F79EFBC}") = "Jv.Games.Portable.Base", "Platforms\Jv.Games.Portable.Split\Jv.Games.Portable.Base\Jv.Games.Portable.Base.csproj", "{6560B0AF-7391-47F0-9716-6ADA58531ED1}"
EndProject
Project("{FAE04EC0-301F-11D3-BF4B-00C04F79EFBC}") = "Jv.Games.Portable.Context", "Platforms\Jv.Games.Portable.Split\Jv.Games.Portable.Context\Jv.Games.Portable.Context.csproj", "{8DDA2D87-ABAC-469C-B6F2-50833C94D429}"
EndProject
Project("{FAE04EC0-301F-11D3-BF4B-00C04F79EFBC}") = "Jv.Games.Portable.Sprites", "Platforms\Jv.Games.Portable.Split\Jv.Games.Portable.Sprites\Jv.Games.Portable.Sprites.csproj", "{DEBA5313-E2D0-46F6-943D-626B039A70F0}"
EndProject
Project("{FAE04EC0-301F-11D3-BF4B-00C04F79EFBC}") = "Jv.Games.Portable.XForms", "Platforms\Jv.Games.Portable.XForms\Jv.Games.Portable.XForms.csproj", "{0EBC9B28-D6B8-447C-9D78-36D48C1F31A7}"
EndProject
Project("{D954291E-2A0B-460D-934E-DC6B0785DB48}") = "Jv.Games.Shared.Base", "Jv.Games.Shared.Base\Jv.Games.Shared.Base.shproj", "{E0196C1B-647B-4FE0-879A-2A62F98F73D1}"
EndProject
Project("{D954291E-2A0B-460D-934E-DC6B0785DB48}") = "Jv.Games.Shared.Activities", "Jv.Games.Shared.Activities\Jv.Games.Shared.Activities.shproj", "{4048A83C-597E-4BFB-AD20-85D6FA3873C9}"
EndProject
Project("{D954291E-2A0B-460D-934E-DC6B0785DB48}") = "Jv.Games.Shared.Sprites", "Jv.Games.Shared.Sprites\Jv.Games.Shared.Sprites.shproj", "{40128E4E-F366-4A9C-8523-89AF802B1B2C}"
EndProject
Project("{D954291E-2A0B-460D-934E-DC6B0785DB48}") = "Jv.Games.Shared.Context", "Jv.Games.Shared.Context\Jv.Games.Shared.Context.shproj", "{0D85DBCE-D944-4B41-A58C-C6A9B29627F8}"
EndProject
Project("{D954291E-2A0B-460D-934E-DC6B0785DB48}") = "Jv.Games.Shared.Async", "Jv.Games.Shared.Async\Jv.Games.Shared.Async.shproj", "{86AB1ED0-EA5E-46BF-B23C-F59573CEBF6C}"
EndProject
Project("{D954291E-2A0B-460D-934E-DC6B0785DB48}") = "Jv.Games.Shared.XForms", "Jv.Games.Shared.XForms\Jv.Games.Shared.XForms.shproj", "{75D8D223-4DE4-48F9-96D3-5891D8FF1332}"
EndProject
Project("{2150E333-8FDC-42A3-9474-1A3956D46DE8}") = "Samples", "Samples", "{EC095C90-99C6-481F-B74E-4676727D2D8C}"
EndProject
Project("{FAE04EC0-301F-11D3-BF4B-00C04F79EFBC}") = "Sample.XForms", "Samples\Sample.XForms\Sample.XForms.csproj", "{D2BA8AE4-FEB2-4069-B67C-6BFC36255ECC}"
EndProject
Global
	GlobalSection(SolutionConfigurationPlatforms) = preSolution
		Debug|Any CPU = Debug|Any CPU
		Release|Any CPU = Release|Any CPU
	EndGlobalSection
	GlobalSection(ProjectConfigurationPlatforms) = postSolution
		{0EBC9B28-D6B8-447C-9D78-36D48C1F31A7}.Debug|Any CPU.ActiveCfg = Debug|Any CPU
		{0EBC9B28-D6B8-447C-9D78-36D48C1F31A7}.Debug|Any CPU.Build.0 = Debug|Any CPU
		{0EBC9B28-D6B8-447C-9D78-36D48C1F31A7}.Release|Any CPU.ActiveCfg = Release|Any CPU
		{0EBC9B28-D6B8-447C-9D78-36D48C1F31A7}.Release|Any CPU.Build.0 = Release|Any CPU
		{0EE70EC3-1EEA-45C9-9EA3-97EBE07A0B45}.Debug|Any CPU.ActiveCfg = Debug|Any CPU
		{0EE70EC3-1EEA-45C9-9EA3-97EBE07A0B45}.Debug|Any CPU.Build.0 = Debug|Any CPU
		{0EE70EC3-1EEA-45C9-9EA3-97EBE07A0B45}.Release|Any CPU.ActiveCfg = Release|Any CPU
		{0EE70EC3-1EEA-45C9-9EA3-97EBE07A0B45}.Release|Any CPU.Build.0 = Release|Any CPU
		{1844AE6C-DC19-4446-B5CD-2B6FE3C14AA6}.Debug|Any CPU.ActiveCfg = Debug|Any CPU
		{1844AE6C-DC19-4446-B5CD-2B6FE3C14AA6}.Debug|Any CPU.Build.0 = Debug|Any CPU
		{1844AE6C-DC19-4446-B5CD-2B6FE3C14AA6}.Release|Any CPU.ActiveCfg = Release|Any CPU
		{1844AE6C-DC19-4446-B5CD-2B6FE3C14AA6}.Release|Any CPU.Build.0 = Release|Any CPU
		{1DB9CEED-D872-4938-9E91-D087E8DCB1A8}.Debug|Any CPU.ActiveCfg = Debug|Any CPU
		{1DB9CEED-D872-4938-9E91-D087E8DCB1A8}.Debug|Any CPU.Build.0 = Debug|Any CPU
		{1DB9CEED-D872-4938-9E91-D087E8DCB1A8}.Release|Any CPU.ActiveCfg = Release|Any CPU
		{1DB9CEED-D872-4938-9E91-D087E8DCB1A8}.Release|Any CPU.Build.0 = Release|Any CPU
		{2819E425-9455-4D47-B24F-F26886599EFE}.Debug|Any CPU.ActiveCfg = Debug|Any CPU
		{2819E425-9455-4D47-B24F-F26886599EFE}.Debug|Any CPU.Build.0 = Debug|Any CPU
		{2819E425-9455-4D47-B24F-F26886599EFE}.Release|Any CPU.ActiveCfg = Release|Any CPU
		{2819E425-9455-4D47-B24F-F26886599EFE}.Release|Any CPU.Build.0 = Release|Any CPU
		{49399725-1D74-4A4E-A3D9-2C5C178246A3}.Debug|Any CPU.ActiveCfg = Debug|Any CPU
		{49399725-1D74-4A4E-A3D9-2C5C178246A3}.Debug|Any CPU.Build.0 = Debug|Any CPU
		{49399725-1D74-4A4E-A3D9-2C5C178246A3}.Release|Any CPU.ActiveCfg = Release|Any CPU
		{49399725-1D74-4A4E-A3D9-2C5C178246A3}.Release|Any CPU.Build.0 = Release|Any CPU
		{4E6D3F8F-D330-4072-B075-E00C6B6481AA}.Debug|Any CPU.ActiveCfg = Debug|Any CPU
		{4E6D3F8F-D330-4072-B075-E00C6B6481AA}.Debug|Any CPU.Build.0 = Debug|Any CPU
		{4E6D3F8F-D330-4072-B075-E00C6B6481AA}.Release|Any CPU.ActiveCfg = Release|Any CPU
		{4E6D3F8F-D330-4072-B075-E00C6B6481AA}.Release|Any CPU.Build.0 = Release|Any CPU
		{6560B0AF-7391-47F0-9716-6ADA58531ED1}.Debug|Any CPU.ActiveCfg = Debug|Any CPU
		{6560B0AF-7391-47F0-9716-6ADA58531ED1}.Debug|Any CPU.Build.0 = Debug|Any CPU
		{6560B0AF-7391-47F0-9716-6ADA58531ED1}.Release|Any CPU.ActiveCfg = Release|Any CPU
		{6560B0AF-7391-47F0-9716-6ADA58531ED1}.Release|Any CPU.Build.0 = Release|Any CPU
		{8DB26D63-BBB7-4A46-87FD-65B7DF7A612C}.Debug|Any CPU.ActiveCfg = Debug|Any CPU
		{8DB26D63-BBB7-4A46-87FD-65B7DF7A612C}.Debug|Any CPU.Build.0 = Debug|Any CPU
		{8DB26D63-BBB7-4A46-87FD-65B7DF7A612C}.Release|Any CPU.ActiveCfg = Release|Any CPU
		{8DB26D63-BBB7-4A46-87FD-65B7DF7A612C}.Release|Any CPU.Build.0 = Release|Any CPU
		{8DDA2D87-ABAC-469C-B6F2-50833C94D429}.Debug|Any CPU.ActiveCfg = Debug|Any CPU
		{8DDA2D87-ABAC-469C-B6F2-50833C94D429}.Debug|Any CPU.Build.0 = Debug|Any CPU
		{8DDA2D87-ABAC-469C-B6F2-50833C94D429}.Release|Any CPU.ActiveCfg = Release|Any CPU
		{8DDA2D87-ABAC-469C-B6F2-50833C94D429}.Release|Any CPU.Build.0 = Release|Any CPU
		{B14A1DB7-5608-4046-AC3B-A9ACBE601C27}.Debug|Any CPU.ActiveCfg = Debug|Any CPU
		{B14A1DB7-5608-4046-AC3B-A9ACBE601C27}.Debug|Any CPU.Build.0 = Debug|Any CPU
		{B14A1DB7-5608-4046-AC3B-A9ACBE601C27}.Release|Any CPU.ActiveCfg = Release|Any CPU
		{B14A1DB7-5608-4046-AC3B-A9ACBE601C27}.Release|Any CPU.Build.0 = Release|Any CPU
		{D25D6E60-905C-44CD-815C-23A50A5A1190}.Debug|Any CPU.ActiveCfg = Debug|Any CPU
		{D25D6E60-905C-44CD-815C-23A50A5A1190}.Debug|Any CPU.Build.0 = Debug|Any CPU
		{D25D6E60-905C-44CD-815C-23A50A5A1190}.Release|Any CPU.ActiveCfg = Release|Any CPU
		{D25D6E60-905C-44CD-815C-23A50A5A1190}.Release|Any CPU.Build.0 = Release|Any CPU
		{D2BA8AE4-FEB2-4069-B67C-6BFC36255ECC}.Debug|Any CPU.ActiveCfg = Debug|Any CPU
		{D2BA8AE4-FEB2-4069-B67C-6BFC36255ECC}.Debug|Any CPU.Build.0 = Debug|Any CPU
		{D2BA8AE4-FEB2-4069-B67C-6BFC36255ECC}.Release|Any CPU.ActiveCfg = Release|Any CPU
		{D2BA8AE4-FEB2-4069-B67C-6BFC36255ECC}.Release|Any CPU.Build.0 = Release|Any CPU
		{DEBA5313-E2D0-46F6-943D-626B039A70F0}.Debug|Any CPU.ActiveCfg = Debug|Any CPU
		{DEBA5313-E2D0-46F6-943D-626B039A70F0}.Debug|Any CPU.Build.0 = Debug|Any CPU
		{DEBA5313-E2D0-46F6-943D-626B039A70F0}.Release|Any CPU.ActiveCfg = Release|Any CPU
		{DEBA5313-E2D0-46F6-943D-626B039A70F0}.Release|Any CPU.Build.0 = Release|Any CPU
		{F4FDC2DA-A72F-4E6A-8117-7B5D76440DA0}.Debug|Any CPU.ActiveCfg = Debug|Any CPU
		{F4FDC2DA-A72F-4E6A-8117-7B5D76440DA0}.Debug|Any CPU.Build.0 = Debug|Any CPU
		{F4FDC2DA-A72F-4E6A-8117-7B5D76440DA0}.Release|Any CPU.ActiveCfg = Release|Any CPU
		{F4FDC2DA-A72F-4E6A-8117-7B5D76440DA0}.Release|Any CPU.Build.0 = Release|Any CPU
	EndGlobalSection
	GlobalSection(NestedProjects) = preSolution
		{FA5AB381-3DE9-4429-B1C3-D34E61ECF629} = {9AFF3E13-6E8B-4067-8B77-52503AFFB72F}
		{E51F4226-C6FB-44A4-9F03-E0644A736A9B} = {9AFF3E13-6E8B-4067-8B77-52503AFFB72F}
		{1844AE6C-DC19-4446-B5CD-2B6FE3C14AA6} = {FA5AB381-3DE9-4429-B1C3-D34E61ECF629}
		{F5F4DC8F-3DD0-424C-AD2F-A8607F49BF36} = {FA5AB381-3DE9-4429-B1C3-D34E61ECF629}
		{F4FDC2DA-A72F-4E6A-8117-7B5D76440DA0} = {FA5AB381-3DE9-4429-B1C3-D34E61ECF629}
		{B14A1DB7-5608-4046-AC3B-A9ACBE601C27} = {F5F4DC8F-3DD0-424C-AD2F-A8607F49BF36}
		{4E6D3F8F-D330-4072-B075-E00C6B6481AA} = {F5F4DC8F-3DD0-424C-AD2F-A8607F49BF36}
		{8DB26D63-BBB7-4A46-87FD-65B7DF7A612C} = {F5F4DC8F-3DD0-424C-AD2F-A8607F49BF36}
		{0EE70EC3-1EEA-45C9-9EA3-97EBE07A0B45} = {F5F4DC8F-3DD0-424C-AD2F-A8607F49BF36}
		{49399725-1D74-4A4E-A3D9-2C5C178246A3} = {F5F4DC8F-3DD0-424C-AD2F-A8607F49BF36}
		{D25D6E60-905C-44CD-815C-23A50A5A1190} = {E51F4226-C6FB-44A4-9F03-E0644A736A9B}
		{4A793BBB-B4B7-410F-8311-E1C13AED0134} = {E51F4226-C6FB-44A4-9F03-E0644A736A9B}
		{0EBC9B28-D6B8-447C-9D78-36D48C1F31A7} = {E51F4226-C6FB-44A4-9F03-E0644A736A9B}
		{2819E425-9455-4D47-B24F-F26886599EFE} = {4A793BBB-B4B7-410F-8311-E1C13AED0134}
		{1DB9CEED-D872-4938-9E91-D087E8DCB1A8} = {4A793BBB-B4B7-410F-8311-E1C13AED0134}
		{6560B0AF-7391-47F0-9716-6ADA58531ED1} = {4A793BBB-B4B7-410F-8311-E1C13AED0134}
		{8DDA2D87-ABAC-469C-B6F2-50833C94D429} = {4A793BBB-B4B7-410F-8311-E1C13AED0134}
		{DEBA5313-E2D0-46F6-943D-626B039A70F0} = {4A793BBB-B4B7-410F-8311-E1C13AED0134}
		{D2BA8AE4-FEB2-4069-B67C-6BFC36255ECC} = {EC095C90-99C6-481F-B74E-4676727D2D8C}
	EndGlobalSection
	GlobalSection(MonoDevelopProperties) = preSolution
		StartupItem = Samples\Sample.XForms\Sample.XForms.csproj
	EndGlobalSection
	GlobalSection(SharedMSBuildProjectFiles) = preSolution
		Jv.Games.Shared.Context\Jv.Games.Shared.Context.projitems*{0ee70ec3-1eea-45c9-9ea3-97ebe07a0b45}*SharedItemsImports = 4
		Jv.Games.Shared.Async\Jv.Games.Shared.Async.projitems*{86ab1ed0-ea5e-46bf-b23c-f59573cebf6c}*SharedItemsImports = 13
		Jv.Games.Shared.Activities\Jv.Games.Shared.Activities.projitems*{4048a83c-597e-4bfb-ad20-85d6fa3873c9}*SharedItemsImports = 13
		Jv.Games.Shared.Base\Jv.Games.Shared.Base.projitems*{e0196c1b-647b-4fe0-879a-2a62f98f73d1}*SharedItemsImports = 13
		Jv.Games.Shared.XForms\Jv.Games.Shared.XForms.projitems*{0ebc9b28-d6b8-447c-9d78-36d48c1f31a7}*SharedItemsImports = 4
		Jv.Games.Shared.Async\Jv.Games.Shared.Async.projitems*{1844ae6c-dc19-4446-b5cd-2b6fe3c14aa6}*SharedItemsImports = 4
		Jv.Games.Shared.Context\Jv.Games.Shared.Context.projitems*{1844ae6c-dc19-4446-b5cd-2b6fe3c14aa6}*SharedItemsImports = 4
		Jv.Games.Shared.Activities\Jv.Games.Shared.Activities.projitems*{1844ae6c-dc19-4446-b5cd-2b6fe3c14aa6}*SharedItemsImports = 4
		Jv.Games.Shared.Sprites\Jv.Games.Shared.Sprites.projitems*{1844ae6c-dc19-4446-b5cd-2b6fe3c14aa6}*SharedItemsImports = 4
		Jv.Games.Shared.Base\Jv.Games.Shared.Base.projitems*{1844ae6c-dc19-4446-b5cd-2b6fe3c14aa6}*SharedItemsImports = 4
		Jv.Games.Shared.Context\Jv.Games.Shared.Context.projitems*{0d85dbce-d944-4b41-a58c-c6a9b29627f8}*SharedItemsImports = 13
		Jv.Games.Shared.Async\Jv.Games.Shared.Async.projitems*{1db9ceed-d872-4938-9e91-d087e8dcb1a8}*SharedItemsImports = 4
		Jv.Games.Shared.XForms\Jv.Games.Shared.XForms.projitems*{f4fdc2da-a72f-4e6a-8117-7b5d76440da0}*SharedItemsImports = 4
		Jv.Games.Shared.Sprites\Jv.Games.Shared.Sprites.projitems*{40128e4e-f366-4a9c-8523-89af802b1b2c}*SharedItemsImports = 13
		Jv.Games.Shared.Activities\Jv.Games.Shared.Activities.projitems*{b14a1db7-5608-4046-ac3b-a9acbe601c27}*SharedItemsImports = 4
		Jv.Games.Shared.Activities\Jv.Games.Shared.Activities.projitems*{2819e425-9455-4d47-b24f-f26886599efe}*SharedItemsImports = 4
		Jv.Games.Shared.Base\Jv.Games.Shared.Base.projitems*{8db26d63-bbb7-4a46-87fd-65b7df7a612c}*SharedItemsImports = 4
		Jv.Games.Shared.Sprites\Jv.Games.Shared.Sprites.projitems*{deba5313-e2d0-46f6-943d-626b039a70f0}*SharedItemsImports = 4
		Jv.Games.Shared.XForms\Jv.Games.Shared.XForms.projitems*{75d8d223-4de4-48f9-96d3-5891d8ff1332}*SharedItemsImports = 13
		Jv.Games.Shared.Async\Jv.Games.Shared.Async.projitems*{d25d6e60-905c-44cd-815c-23a50a5a1190}*SharedItemsImports = 4
		Jv.Games.Shared.Context\Jv.Games.Shared.Context.projitems*{d25d6e60-905c-44cd-815c-23a50a5a1190}*SharedItemsImports = 4
		Jv.Games.Shared.Activities\Jv.Games.Shared.Activities.projitems*{d25d6e60-905c-44cd-815c-23a50a5a1190}*SharedItemsImports = 4
		Jv.Games.Shared.Sprites\Jv.Games.Shared.Sprites.projitems*{d25d6e60-905c-44cd-815c-23a50a5a1190}*SharedItemsImports = 4
		Jv.Games.Shared.Base\Jv.Games.Shared.Base.projitems*{d25d6e60-905c-44cd-815c-23a50a5a1190}*SharedItemsImports = 4
		Jv.Games.Shared.Context\Jv.Games.Shared.Context.projitems*{8dda2d87-abac-469c-b6f2-50833c94d429}*SharedItemsImports = 4
		Jv.Games.Shared.Sprites\Jv.Games.Shared.Sprites.projitems*{49399725-1d74-4a4e-a3d9-2c5c178246a3}*SharedItemsImports = 4
		Jv.Games.Shared.Base\Jv.Games.Shared.Base.projitems*{6560b0af-7391-47f0-9716-6ada58531ed1}*SharedItemsImports = 4
		Jv.Games.Shared.Async\Jv.Games.Shared.Async.projitems*{4e6d3f8f-d330-4072-b075-e00c6b6481aa}*SharedItemsImports = 4
	EndGlobalSection
	GlobalSection(SolutionProperties) = preSolution
		HideSolutionNode = FALSE
	EndGlobalSection
EndGlobal
